
Microsoft Visual Studio Solution File, Format Version 12.00
# Visual Studio 15
VisualStudioVersion = 15.0.27004.2009
MinimumVisualStudioVersion = 10.0.40219.1
Project("{FAE04EC0-301F-11D3-BF4B-00C04F79EFBC}") = "Quiz", "Quiz\Quiz.csproj", "{EA70060F-94FF-4E0C-8224-7DEA164FE605}"
EndProject
Global
	GlobalSection(SolutionConfigurationPlatforms) = preSolution
		Debug|Any CPU = Debug|Any CPU
		Release|Any CPU = Release|Any CPU
	EndGlobalSection
	GlobalSection(ProjectConfigurationPlatforms) = postSolution
		{EA70060F-94FF-4E0C-8224-7DEA164FE605}.Debug|Any CPU.ActiveCfg = Debug|Any CPU
		{EA70060F-94FF-4E0C-8224-7DEA164FE605}.Debug|Any CPU.Build.0 = Debug|Any CPU
		{EA70060F-94FF-4E0C-8224-7DEA164FE605}.Release|Any CPU.ActiveCfg = Release|Any CPU
		{EA70060F-94FF-4E0C-8224-7DEA164FE605}.Release|Any CPU.Build.0 = Release|Any CPU
	EndGlobalSection
	GlobalSection(SolutionProperties) = preSolution
		HideSolutionNode = FALSE
	EndGlobalSection
	GlobalSection(ExtensibilityGlobals) = postSolution
		SolutionGuid = {8A4DBEEE-028D-4D3E-92D5-3E16F32FA136}
	EndGlobalSection
EndGlobal
